
Microsoft Visual Studio Solution File, Format Version 12.00
# Visual Studio Version 17
VisualStudioVersion = 17.7.34024.191
MinimumVisualStudioVersion = 10.0.40219.1
Project("{9A19103F-16F7-4668-BE54-9A1E7A4F7556}") = "BJM.DVDCentral.BL.Models", "BJM.DVDCentral.BL.Models\BJM.DVDCentral.BL.Models.csproj", "{A00EE8E9-C272-4DC3-91B9-18D2192A8CD1}"
EndProject
Project("{00D1A9C2-B5F0-4AF3-8072-F6C62B433612}") = "BJM.DVDCentral.DB", "BJM.DVDCentral.DB\BJM.DVDCentral.DB.sqlproj", "{EB096C7B-EF9A-48F1-A845-618383E0C395}"
EndProject
Project("{9A19103F-16F7-4668-BE54-9A1E7A4F7556}") = "BJM.DVDCentral.PL", "BJM.DVDCentral.PL\BJM.DVDCentral.PL.csproj", "{2708BB05-4A1D-45C6-A7CE-B19A58F3E5E8}"
EndProject
Project("{2150E333-8FDC-42A3-9474-1A3956D46DE8}") = "Solution Items", "Solution Items", "{E0984D87-8AC8-4CFA-ADC5-9F78A61B7A27}"
	ProjectSection(SolutionItems) = preProject
		TextFile1.txt = TextFile1.txt
	EndProjectSection
EndProject
Project("{9A19103F-16F7-4668-BE54-9A1E7A4F7556}") = "BJM.DVDCentral.PL.Test", "BJM.DVDCentral.PL.Test\BJM.DVDCentral.PL.Test.csproj", "{64862037-970F-4D5C-8823-84108ABBA46D}"
EndProject
Project("{9A19103F-16F7-4668-BE54-9A1E7A4F7556}") = "BJM.DVDCentral.BL", "BJM.DVDCentral.BL\BJM.DVDCentral.BL.csproj", "{1F45F7B5-887B-4CF8-B162-EBA995716275}"
EndProject
Project("{9A19103F-16F7-4668-BE54-9A1E7A4F7556}") = "BJM.DVDCentral.BL.Test", "BJM.DVDCentral.BL.Test\BJM.DVDCentral.BL.Test.csproj", "{1E5585A0-A424-4037-A90D-D78499B8FD28}"
EndProject
Project("{9A19103F-16F7-4668-BE54-9A1E7A4F7556}") = "BJM.DVDCentral.UI", "BJM.DVDCentral.UI\BJM.DVDCentral.UI.csproj", "{A24BABD2-8C4F-47FC-B5BB-ABFD635BC6BC}"
EndProject
Project("{9A19103F-16F7-4668-BE54-9A1E7A4F7556}") = "BJM.DVDCentral.API", "BJM.DVDCentral.API\BJM.DVDCentral.API.csproj", "{FBD4D892-3F1E-48ED-B6FF-7FD9888F5EF2}"
EndProject
Project("{9A19103F-16F7-4668-BE54-9A1E7A4F7556}") = "BJM.DVDCentral.PL2", "BJM.DVDCentral.PL2\BJM.DVDCentral.PL2.csproj", "{171510FD-A1C9-4604-B93F-ABC161EB0699}"
EndProject
Project("{9A19103F-16F7-4668-BE54-9A1E7A4F7556}") = "BJM.DVDCentral.MigrationHandler", "BJM.DVDCentral.MigrationHandler\BJM.DVDCentral.MigrationHandler.csproj", "{D5AF38F1-8E52-4786-B350-6FCA139DA617}"
EndProject
Project("{9A19103F-16F7-4668-BE54-9A1E7A4F7556}") = "BJM.DVDCentral.WPFUI", "BJM.DVDCentral.WPFUI\BJM.DVDCentral.WPFUI.csproj", "{47A34A95-8101-4C67-86CC-B657680FA8AB}"
EndProject
Project("{FAE04EC0-301F-11D3-BF4B-00C04F79EFBC}") = "BJM.DVDCentral.ConsoleApp", "BJM.DVDCentral.ConsoleApp\BJM.DVDCentral.ConsoleApp.csproj", "{6C694684-D69A-4DD4-83F9-465E271D157E}"
EndProject
Global
	GlobalSection(SolutionConfigurationPlatforms) = preSolution
		Debug|Any CPU = Debug|Any CPU
		Release|Any CPU = Release|Any CPU
	EndGlobalSection
	GlobalSection(ProjectConfigurationPlatforms) = postSolution
		{A00EE8E9-C272-4DC3-91B9-18D2192A8CD1}.Debug|Any CPU.ActiveCfg = Debug|Any CPU
		{A00EE8E9-C272-4DC3-91B9-18D2192A8CD1}.Debug|Any CPU.Build.0 = Debug|Any CPU
		{A00EE8E9-C272-4DC3-91B9-18D2192A8CD1}.Release|Any CPU.ActiveCfg = Release|Any CPU
		{A00EE8E9-C272-4DC3-91B9-18D2192A8CD1}.Release|Any CPU.Build.0 = Release|Any CPU
		{EB096C7B-EF9A-48F1-A845-618383E0C395}.Debug|Any CPU.ActiveCfg = Debug|Any CPU
		{EB096C7B-EF9A-48F1-A845-618383E0C395}.Debug|Any CPU.Build.0 = Debug|Any CPU
		{EB096C7B-EF9A-48F1-A845-618383E0C395}.Debug|Any CPU.Deploy.0 = Debug|Any CPU
		{EB096C7B-EF9A-48F1-A845-618383E0C395}.Release|Any CPU.ActiveCfg = Release|Any CPU
		{EB096C7B-EF9A-48F1-A845-618383E0C395}.Release|Any CPU.Build.0 = Release|Any CPU
		{EB096C7B-EF9A-48F1-A845-618383E0C395}.Release|Any CPU.Deploy.0 = Release|Any CPU
		{2708BB05-4A1D-45C6-A7CE-B19A58F3E5E8}.Debug|Any CPU.ActiveCfg = Debug|Any CPU
		{2708BB05-4A1D-45C6-A7CE-B19A58F3E5E8}.Debug|Any CPU.Build.0 = Debug|Any CPU
		{2708BB05-4A1D-45C6-A7CE-B19A58F3E5E8}.Release|Any CPU.ActiveCfg = Release|Any CPU
		{2708BB05-4A1D-45C6-A7CE-B19A58F3E5E8}.Release|Any CPU.Build.0 = Release|Any CPU
		{64862037-970F-4D5C-8823-84108ABBA46D}.Debug|Any CPU.ActiveCfg = Debug|Any CPU
		{64862037-970F-4D5C-8823-84108ABBA46D}.Debug|Any CPU.Build.0 = Debug|Any CPU
		{64862037-970F-4D5C-8823-84108ABBA46D}.Release|Any CPU.ActiveCfg = Release|Any CPU
		{64862037-970F-4D5C-8823-84108ABBA46D}.Release|Any CPU.Build.0 = Release|Any CPU
		{1F45F7B5-887B-4CF8-B162-EBA995716275}.Debug|Any CPU.ActiveCfg = Debug|Any CPU
		{1F45F7B5-887B-4CF8-B162-EBA995716275}.Debug|Any CPU.Build.0 = Debug|Any CPU
		{1F45F7B5-887B-4CF8-B162-EBA995716275}.Release|Any CPU.ActiveCfg = Release|Any CPU
		{1F45F7B5-887B-4CF8-B162-EBA995716275}.Release|Any CPU.Build.0 = Release|Any CPU
		{1E5585A0-A424-4037-A90D-D78499B8FD28}.Debug|Any CPU.ActiveCfg = Debug|Any CPU
		{1E5585A0-A424-4037-A90D-D78499B8FD28}.Debug|Any CPU.Build.0 = Debug|Any CPU
		{1E5585A0-A424-4037-A90D-D78499B8FD28}.Release|Any CPU.ActiveCfg = Release|Any CPU
		{1E5585A0-A424-4037-A90D-D78499B8FD28}.Release|Any CPU.Build.0 = Release|Any CPU
		{A24BABD2-8C4F-47FC-B5BB-ABFD635BC6BC}.Debug|Any CPU.ActiveCfg = Debug|Any CPU
		{A24BABD2-8C4F-47FC-B5BB-ABFD635BC6BC}.Debug|Any CPU.Build.0 = Debug|Any CPU
		{A24BABD2-8C4F-47FC-B5BB-ABFD635BC6BC}.Release|Any CPU.ActiveCfg = Release|Any CPU
		{A24BABD2-8C4F-47FC-B5BB-ABFD635BC6BC}.Release|Any CPU.Build.0 = Release|Any CPU
		{FBD4D892-3F1E-48ED-B6FF-7FD9888F5EF2}.Debug|Any CPU.ActiveCfg = Debug|Any CPU
		{FBD4D892-3F1E-48ED-B6FF-7FD9888F5EF2}.Debug|Any CPU.Build.0 = Debug|Any CPU
		{FBD4D892-3F1E-48ED-B6FF-7FD9888F5EF2}.Release|Any CPU.ActiveCfg = Release|Any CPU
		{FBD4D892-3F1E-48ED-B6FF-7FD9888F5EF2}.Release|Any CPU.Build.0 = Release|Any CPU
		{171510FD-A1C9-4604-B93F-ABC161EB0699}.Debug|Any CPU.ActiveCfg = Debug|Any CPU
		{171510FD-A1C9-4604-B93F-ABC161EB0699}.Debug|Any CPU.Build.0 = Debug|Any CPU
		{171510FD-A1C9-4604-B93F-ABC161EB0699}.Release|Any CPU.ActiveCfg = Release|Any CPU
		{171510FD-A1C9-4604-B93F-ABC161EB0699}.Release|Any CPU.Build.0 = Release|Any CPU
		{D5AF38F1-8E52-4786-B350-6FCA139DA617}.Debug|Any CPU.ActiveCfg = Debug|Any CPU
		{D5AF38F1-8E52-4786-B350-6FCA139DA617}.Debug|Any CPU.Build.0 = Debug|Any CPU
		{D5AF38F1-8E52-4786-B350-6FCA139DA617}.Release|Any CPU.ActiveCfg = Release|Any CPU
		{D5AF38F1-8E52-4786-B350-6FCA139DA617}.Release|Any CPU.Build.0 = Release|Any CPU
		{47A34A95-8101-4C67-86CC-B657680FA8AB}.Debug|Any CPU.ActiveCfg = Debug|Any CPU
		{47A34A95-8101-4C67-86CC-B657680FA8AB}.Debug|Any CPU.Build.0 = Debug|Any CPU
		{47A34A95-8101-4C67-86CC-B657680FA8AB}.Release|Any CPU.ActiveCfg = Release|Any CPU
		{47A34A95-8101-4C67-86CC-B657680FA8AB}.Release|Any CPU.Build.0 = Release|Any CPU
		{6C694684-D69A-4DD4-83F9-465E271D157E}.Debug|Any CPU.ActiveCfg = Debug|Any CPU
		{6C694684-D69A-4DD4-83F9-465E271D157E}.Debug|Any CPU.Build.0 = Debug|Any CPU
		{6C694684-D69A-4DD4-83F9-465E271D157E}.Release|Any CPU.ActiveCfg = Release|Any CPU
		{6C694684-D69A-4DD4-83F9-465E271D157E}.Release|Any CPU.Build.0 = Release|Any CPU
	EndGlobalSection
	GlobalSection(SolutionProperties) = preSolution
		HideSolutionNode = FALSE
	EndGlobalSection
	GlobalSection(ExtensibilityGlobals) = postSolution
		SolutionGuid = {54AA81C5-5673-4347-9900-0EC4D34FBB41}
	EndGlobalSection
EndGlobal
